
Microsoft Visual Studio Solution File, Format Version 12.00
# Visual Studio Version 16
VisualStudioVersion = 16.0.30120.98
MinimumVisualStudioVersion = 10.0.40219.1
Project("{FAE04EC0-301F-11D3-BF4B-00C04F79EFBC}") = "Tasks", "TestyDoCV\Tasks.csproj", "{EEE00E0C-C246-43DC-9523-53F6B87BE565}"
EndProject
Project("{FAE04EC0-301F-11D3-BF4B-00C04F79EFBC}") = "Testy", "Testy\Testy.csproj", "{29CB541D-3A5C-44D7-A9F8-8B359691F788}"
EndProject
Global
	GlobalSection(SolutionConfigurationPlatforms) = preSolution
		Debug|Any CPU = Debug|Any CPU
		Release|Any CPU = Release|Any CPU
	EndGlobalSection
	GlobalSection(ProjectConfigurationPlatforms) = postSolution
		{EEE00E0C-C246-43DC-9523-53F6B87BE565}.Debug|Any CPU.ActiveCfg = Debug|Any CPU
		{EEE00E0C-C246-43DC-9523-53F6B87BE565}.Debug|Any CPU.Build.0 = Debug|Any CPU
		{EEE00E0C-C246-43DC-9523-53F6B87BE565}.Release|Any CPU.ActiveCfg = Release|Any CPU
		{EEE00E0C-C246-43DC-9523-53F6B87BE565}.Release|Any CPU.Build.0 = Release|Any CPU
		{29CB541D-3A5C-44D7-A9F8-8B359691F788}.Debug|Any CPU.ActiveCfg = Debug|Any CPU
		{29CB541D-3A5C-44D7-A9F8-8B359691F788}.Debug|Any CPU.Build.0 = Debug|Any CPU
		{29CB541D-3A5C-44D7-A9F8-8B359691F788}.Release|Any CPU.ActiveCfg = Release|Any CPU
		{29CB541D-3A5C-44D7-A9F8-8B359691F788}.Release|Any CPU.Build.0 = Release|Any CPU
	EndGlobalSection
	GlobalSection(SolutionProperties) = preSolution
		HideSolutionNode = FALSE
	EndGlobalSection
	GlobalSection(ExtensibilityGlobals) = postSolution
		SolutionGuid = {932EFA14-F04C-4583-B75F-58641A76BBB3}
	EndGlobalSection
EndGlobal
